# THIS IS AN AUTOGENERATED FILE. DO NOT EDIT THIS FILE DIRECTLY.
# yarn lockfile v1


"@types/react-native@^0.44.10":
  version "0.44.10"
  resolved "https://artifactory.palantir.build:443/artifactory/api/npm/all-npm/@types/react-native/-/react-native-0.44.10.tgz#62f193689aabb7671661ff45f485eb370549a0c4"
  dependencies:
    "@types/react" "*"

"@types/react@*", "@types/react@^15.0.28":
  version "15.0.28"
  resolved "https://artifactory.palantir.build:443/artifactory/api/npm/all-npm/@types/react/-/react-15.0.28.tgz#0120d64ca143b74196324ccbe132d09df48a8d46"
